
Microsoft Visual Studio Solution File, Format Version 12.00
# Visual Studio Version 17
VisualStudioVersion = 17.11.35303.130
MinimumVisualStudioVersion = 10.0.40219.1
Project("{9A19103F-16F7-4668-BE54-9A1E7A4F7556}") = "CustomerManagementApi", "CustomerManagementApi\CustomerManagementApi.csproj", "{F4B9141A-4BCE-4B4E-A551-1B79A44923EA}"
EndProject
Project("{9A19103F-16F7-4668-BE54-9A1E7A4F7556}") = "CustmomerManagementClient", "CustmomerManagementClient\CustmomerManagementClient.csproj", "{AB9D79EA-044A-4594-BE39-6371C216DD69}"
EndProject
Global
	GlobalSection(SolutionConfigurationPlatforms) = preSolution
		Debug|Any CPU = Debug|Any CPU
		Release|Any CPU = Release|Any CPU
	EndGlobalSection
	GlobalSection(ProjectConfigurationPlatforms) = postSolution
		{F4B9141A-4BCE-4B4E-A551-1B79A44923EA}.Debug|Any CPU.ActiveCfg = Debug|Any CPU
		{F4B9141A-4BCE-4B4E-A551-1B79A44923EA}.Debug|Any CPU.Build.0 = Debug|Any CPU
		{F4B9141A-4BCE-4B4E-A551-1B79A44923EA}.Release|Any CPU.ActiveCfg = Release|Any CPU
		{F4B9141A-4BCE-4B4E-A551-1B79A44923EA}.Release|Any CPU.Build.0 = Release|Any CPU
		{AB9D79EA-044A-4594-BE39-6371C216DD69}.Debug|Any CPU.ActiveCfg = Debug|Any CPU
		{AB9D79EA-044A-4594-BE39-6371C216DD69}.Debug|Any CPU.Build.0 = Debug|Any CPU
		{AB9D79EA-044A-4594-BE39-6371C216DD69}.Release|Any CPU.ActiveCfg = Release|Any CPU
		{AB9D79EA-044A-4594-BE39-6371C216DD69}.Release|Any CPU.Build.0 = Release|Any CPU
	EndGlobalSection
	GlobalSection(SolutionProperties) = preSolution
		HideSolutionNode = FALSE
	EndGlobalSection
	GlobalSection(ExtensibilityGlobals) = postSolution
		SolutionGuid = {32F47BF6-C48A-4006-B5C1-C6F4AB79275E}
	EndGlobalSection
EndGlobal
